
Microsoft Visual Studio Solution File, Format Version 12.00
# Visual Studio Version 16
VisualStudioVersion = 16.0.28917.181
MinimumVisualStudioVersion = 10.0.40219.1
Project("{FAE04EC0-301F-11D3-BF4B-00C04F79EFBC}") = "UiPathTeam.SendTemplatedMail", "UiPathTeam.SendTemplatedMail\UiPathTeam.SendTemplatedMail.csproj", "{C51307E3-D303-4B8B-B762-D653EB51819C}"
EndProject
Project("{FAE04EC0-301F-11D3-BF4B-00C04F79EFBC}") = "UiPathTeam.SendTemplatedMail.Activities", "UiPathTeam.SendTemplatedMail.Activities\UiPathTeam.SendTemplatedMail.Activities.csproj", "{7DBB63EA-22FC-4F7D-BE0E-F6D054146A72}"
EndProject
Project("{FAE04EC0-301F-11D3-BF4B-00C04F79EFBC}") = "UiPathTeam.SendTemplatedMail.Activities.Design", "UiPathTeam.SendTemplatedMail.Activities.Design\UiPathTeam.SendTemplatedMail.Activities.Design.csproj", "{8B4F83D1-DAE9-4338-981B-A9698E47CE1A}"
EndProject
Global
	GlobalSection(SolutionConfigurationPlatforms) = preSolution
		Debug|Any CPU = Debug|Any CPU
		Debug|x86 = Debug|x86
		Release|Any CPU = Release|Any CPU
		Release|x86 = Release|x86
	EndGlobalSection
	GlobalSection(ProjectConfigurationPlatforms) = postSolution
		{C51307E3-D303-4B8B-B762-D653EB51819C}.Debug|Any CPU.ActiveCfg = Debug|Any CPU
		{C51307E3-D303-4B8B-B762-D653EB51819C}.Debug|Any CPU.Build.0 = Debug|Any CPU
		{C51307E3-D303-4B8B-B762-D653EB51819C}.Debug|x86.ActiveCfg = Debug|Any CPU
		{C51307E3-D303-4B8B-B762-D653EB51819C}.Debug|x86.Build.0 = Debug|Any CPU
		{C51307E3-D303-4B8B-B762-D653EB51819C}.Release|Any CPU.ActiveCfg = Release|Any CPU
		{C51307E3-D303-4B8B-B762-D653EB51819C}.Release|Any CPU.Build.0 = Release|Any CPU
		{C51307E3-D303-4B8B-B762-D653EB51819C}.Release|x86.ActiveCfg = Release|Any CPU
		{C51307E3-D303-4B8B-B762-D653EB51819C}.Release|x86.Build.0 = Release|Any CPU
		{7DBB63EA-22FC-4F7D-BE0E-F6D054146A72}.Debug|Any CPU.ActiveCfg = Debug|Any CPU
		{7DBB63EA-22FC-4F7D-BE0E-F6D054146A72}.Debug|Any CPU.Build.0 = Debug|Any CPU
		{7DBB63EA-22FC-4F7D-BE0E-F6D054146A72}.Debug|x86.ActiveCfg = Debug|Any CPU
		{7DBB63EA-22FC-4F7D-BE0E-F6D054146A72}.Debug|x86.Build.0 = Debug|Any CPU
		{7DBB63EA-22FC-4F7D-BE0E-F6D054146A72}.Release|Any CPU.ActiveCfg = Release|Any CPU
		{7DBB63EA-22FC-4F7D-BE0E-F6D054146A72}.Release|Any CPU.Build.0 = Release|Any CPU
		{7DBB63EA-22FC-4F7D-BE0E-F6D054146A72}.Release|x86.ActiveCfg = Release|Any CPU
		{7DBB63EA-22FC-4F7D-BE0E-F6D054146A72}.Release|x86.Build.0 = Release|Any CPU
		{8B4F83D1-DAE9-4338-981B-A9698E47CE1A}.Debug|Any CPU.ActiveCfg = Debug|Any CPU
		{8B4F83D1-DAE9-4338-981B-A9698E47CE1A}.Debug|Any CPU.Build.0 = Debug|Any CPU
		{8B4F83D1-DAE9-4338-981B-A9698E47CE1A}.Debug|x86.ActiveCfg = Debug|Any CPU
		{8B4F83D1-DAE9-4338-981B-A9698E47CE1A}.Debug|x86.Build.0 = Debug|Any CPU
		{8B4F83D1-DAE9-4338-981B-A9698E47CE1A}.Release|Any CPU.ActiveCfg = Release|Any CPU
		{8B4F83D1-DAE9-4338-981B-A9698E47CE1A}.Release|Any CPU.Build.0 = Release|Any CPU
		{8B4F83D1-DAE9-4338-981B-A9698E47CE1A}.Release|x86.ActiveCfg = Release|Any CPU
		{8B4F83D1-DAE9-4338-981B-A9698E47CE1A}.Release|x86.Build.0 = Release|Any CPU
	EndGlobalSection
	GlobalSection(SolutionProperties) = preSolution
		HideSolutionNode = FALSE
	EndGlobalSection
	GlobalSection(ExtensibilityGlobals) = postSolution
		SolutionGuid = {EEACDFF9-B319-479D-AA9B-577186F6216D}
	EndGlobalSection
EndGlobal
